// !$*UTF8*$!
{
	archiveVersion = 1;
	classes = {
	};
	objectVersion = 52;
	objects = {

/* Begin PBXBuildFile section */
		4A8C908F25A176F100560D9A /* Alamofire in Frameworks */ = {isa = PBXBuildFile; productRef = 4A8C908E25A176F100560D9A /* Alamofire */; };
		4A8C909425A1819C00560D9A /* Drinks.swift in Sources */ = {isa = PBXBuildFile; fileRef = 4A8C909325A1819C00560D9A /* Drinks.swift */; };
		4A8C909925A2E30600560D9A /* DrinksTableViewDataSource.swift in Sources */ = {isa = PBXBuildFile; fileRef = 4A8C909825A2E30600560D9A /* DrinksTableViewDataSource.swift */; };
		4A8C90A125A2E37F00560D9A /* DrinksTableViewCell.swift in Sources */ = {isa = PBXBuildFile; fileRef = 4A8C90A025A2E37F00560D9A /* DrinksTableViewCell.swift */; };
		4A8C90A625A40F5400560D9A /* extensions.swift in Sources */ = {isa = PBXBuildFile; fileRef = 4A8C90A525A40F5300560D9A /* extensions.swift */; };
		4AFAAD89259E55BF00C3924D /* AppDelegate.swift in Sources */ = {isa = PBXBuildFile; fileRef = 4AFAAD88259E55BF00C3924D /* AppDelegate.swift */; };
		4AFAAD8B259E55BF00C3924D /* SceneDelegate.swift in Sources */ = {isa = PBXBuildFile; fileRef = 4AFAAD8A259E55BF00C3924D /* SceneDelegate.swift */; };
		4AFAAD8D259E55BF00C3924D /* ViewController.swift in Sources */ = {isa = PBXBuildFile; fileRef = 4AFAAD8C259E55BF00C3924D /* ViewController.swift */; };
		4AFAAD90259E55BF00C3924D /* Main.storyboard in Resources */ = {isa = PBXBuildFile; fileRef = 4AFAAD8E259E55BF00C3924D /* Main.storyboard */; };
		4AFAAD92259E55C400C3924D /* Assets.xcassets in Resources */ = {isa = PBXBuildFile; fileRef = 4AFAAD91259E55C400C3924D /* Assets.xcassets */; };
		4AFAAD95259E55C400C3924D /* LaunchScreen.storyboard in Resources */ = {isa = PBXBuildFile; fileRef = 4AFAAD93259E55C400C3924D /* LaunchScreen.storyboard */; };
		4AFAADA0259E55C400C3924D /* cocktail_appTests.swift in Sources */ = {isa = PBXBuildFile; fileRef = 4AFAAD9F259E55C400C3924D /* cocktail_appTests.swift */; };
		4AFAADAB259E55C400C3924D /* cocktail_appUITests.swift in Sources */ = {isa = PBXBuildFile; fileRef = 4AFAADAA259E55C400C3924D /* cocktail_appUITests.swift */; };
		4AFAADCD25A1643800C3924D /* Drink.swift in Sources */ = {isa = PBXBuildFile; fileRef = 4AFAADCC25A1643800C3924D /* Drink.swift */; };
		4AFAADD225A1686B00C3924D /* ListViewController.swift in Sources */ = {isa = PBXBuildFile; fileRef = 4AFAADD125A1686B00C3924D /* ListViewController.swift */; };
		4AFAADDA25A16F4700C3924D /* DrinksViewModel.swift in Sources */ = {isa = PBXBuildFile; fileRef = 4AFAADD925A16F4700C3924D /* DrinksViewModel.swift */; };
		4AFAADDF25A16F8100C3924D /* CocktailService.swift in Sources */ = {isa = PBXBuildFile; fileRef = 4AFAADDE25A16F8100C3924D /* CocktailService.swift */; };
/* End PBXBuildFile section */

/* Begin PBXContainerItemProxy section */
		4AFAAD9C259E55C400C3924D /* PBXContainerItemProxy */ = {
			isa = PBXContainerItemProxy;
			containerPortal = 4AFAAD7D259E55BF00C3924D /* Project object */;
			proxyType = 1;
			remoteGlobalIDString = 4AFAAD84259E55BF00C3924D;
			remoteInfo = "cocktail-app";
		};
		4AFAADA7259E55C400C3924D /* PBXContainerItemProxy */ = {
			isa = PBXContainerItemProxy;
			containerPortal = 4AFAAD7D259E55BF00C3924D /* Project object */;
			proxyType = 1;
			remoteGlobalIDString = 4AFAAD84259E55BF00C3924D;
			remoteInfo = "cocktail-app";
		};
/* End PBXContainerItemProxy section */

/* Begin PBXFileReference section */
		4A8C909325A1819C00560D9A /* Drinks.swift */ = {isa = PBXFileReference; lastKnownFileType = sourcecode.swift; path = Drinks.swift; sourceTree = "<group>"; };
		4A8C909825A2E30600560D9A /* DrinksTableViewDataSource.swift */ = {isa = PBXFileReference; lastKnownFileType = sourcecode.swift; path = DrinksTableViewDataSource.swift; sourceTree = "<group>"; };
		4A8C90A025A2E37F00560D9A /* DrinksTableViewCell.swift */ = {isa = PBXFileReference; lastKnownFileType = sourcecode.swift; path = DrinksTableViewCell.swift; sourceTree = "<group>"; };
		4A8C90A525A40F5300560D9A /* extensions.swift */ = {isa = PBXFileReference; lastKnownFileType = sourcecode.swift; path = extensions.swift; sourceTree = "<group>"; };
		4AFAAD85259E55BF00C3924D /* cocktail-app.app */ = {isa = PBXFileReference; explicitFileType = wrapper.application; includeInIndex = 0; path = "cocktail-app.app"; sourceTree = BUILT_PRODUCTS_DIR; };
		4AFAAD88259E55BF00C3924D /* AppDelegate.swift */ = {isa = PBXFileReference; lastKnownFileType = sourcecode.swift; path = AppDelegate.swift; sourceTree = "<group>"; };
		4AFAAD8A259E55BF00C3924D /* SceneDelegate.swift */ = {isa = PBXFileReference; lastKnownFileType = sourcecode.swift; path = SceneDelegate.swift; sourceTree = "<group>"; };
		4AFAAD8C259E55BF00C3924D /* ViewController.swift */ = {isa = PBXFileReference; lastKnownFileType = sourcecode.swift; path = ViewController.swift; sourceTree = "<group>"; };
		4AFAAD8F259E55BF00C3924D /* Base */ = {isa = PBXFileReference; lastKnownFileType = file.storyboard; name = Base; path = Base.lproj/Main.storyboard; sourceTree = "<group>"; };
		4AFAAD91259E55C400C3924D /* Assets.xcassets */ = {isa = PBXFileReference; lastKnownFileType = folder.assetcatalog; path = Assets.xcassets; sourceTree = "<group>"; };
		4AFAAD94259E55C400C3924D /* Base */ = {isa = PBXFileReference; lastKnownFileType = file.storyboard; name = Base; path = Base.lproj/LaunchScreen.storyboard; sourceTree = "<group>"; };
		4AFAAD96259E55C400C3924D /* Info.plist */ = {isa = PBXFileReference; lastKnownFileType = text.plist.xml; path = Info.plist; sourceTree = "<group>"; };
		4AFAAD9B259E55C400C3924D /* cocktail-appTests.xctest */ = {isa = PBXFileReference; explicitFileType = wrapper.cfbundle; includeInIndex = 0; path = "cocktail-appTests.xctest"; sourceTree = BUILT_PRODUCTS_DIR; };
		4AFAAD9F259E55C400C3924D /* cocktail_appTests.swift */ = {isa = PBXFileReference; lastKnownFileType = sourcecode.swift; path = cocktail_appTests.swift; sourceTree = "<group>"; };
		4AFAADA1259E55C400C3924D /* Info.plist */ = {isa = PBXFileReference; lastKnownFileType = text.plist.xml; path = Info.plist; sourceTree = "<group>"; };
		4AFAADA6259E55C400C3924D /* cocktail-appUITests.xctest */ = {isa = PBXFileReference; explicitFileType = wrapper.cfbundle; includeInIndex = 0; path = "cocktail-appUITests.xctest"; sourceTree = BUILT_PRODUCTS_DIR; };
		4AFAADAA259E55C400C3924D /* cocktail_appUITests.swift */ = {isa = PBXFileReference; lastKnownFileType = sourcecode.swift; path = cocktail_appUITests.swift; sourceTree = "<group>"; };
		4AFAADAC259E55C400C3924D /* Info.plist */ = {isa = PBXFileReference; lastKnownFileType = text.plist.xml; path = Info.plist; sourceTree = "<group>"; };
		4AFAADCC25A1643800C3924D /* Drink.swift */ = {isa = PBXFileReference; lastKnownFileType = sourcecode.swift; path = Drink.swift; sourceTree = "<group>"; };
		4AFAADD125A1686B00C3924D /* ListViewController.swift */ = {isa = PBXFileReference; lastKnownFileType = sourcecode.swift; path = ListViewController.swift; sourceTree = "<group>"; };
		4AFAADD925A16F4700C3924D /* DrinksViewModel.swift */ = {isa = PBXFileReference; lastKnownFileType = sourcecode.swift; path = DrinksViewModel.swift; sourceTree = "<group>"; };
		4AFAADDE25A16F8100C3924D /* CocktailService.swift */ = {isa = PBXFileReference; lastKnownFileType = sourcecode.swift; path = CocktailService.swift; sourceTree = "<group>"; };
/* End PBXFileReference section */

/* Begin PBXFrameworksBuildPhase section */
		4AFAAD82259E55BF00C3924D /* Frameworks */ = {
			isa = PBXFrameworksBuildPhase;
			buildActionMask = 2147483647;
			files = (
				4A8C908F25A176F100560D9A /* Alamofire in Frameworks */,
			);
			runOnlyForDeploymentPostprocessing = 0;
		};
		4AFAAD98259E55C400C3924D /* Frameworks */ = {
			isa = PBXFrameworksBuildPhase;
			buildActionMask = 2147483647;
			files = (
			);
			runOnlyForDeploymentPostprocessing = 0;
		};
		4AFAADA3259E55C400C3924D /* Frameworks */ = {
			isa = PBXFrameworksBuildPhase;
			buildActionMask = 2147483647;
			files = (
			);
			runOnlyForDeploymentPostprocessing = 0;
		};
/* End PBXFrameworksBuildPhase section */

/* Begin PBXGroup section */
		4AFAAD7C259E55BF00C3924D = {
			isa = PBXGroup;
			children = (
				4AFAAD87259E55BF00C3924D /* cocktail-app */,
				4AFAAD9E259E55C400C3924D /* cocktail-appTests */,
				4AFAADA9259E55C400C3924D /* cocktail-appUITests */,
				4AFAAD86259E55BF00C3924D /* Products */,
			);
			sourceTree = "<group>";
		};
		4AFAAD86259E55BF00C3924D /* Products */ = {
			isa = PBXGroup;
			children = (
				4AFAAD85259E55BF00C3924D /* cocktail-app.app */,
				4AFAAD9B259E55C400C3924D /* cocktail-appTests.xctest */,
				4AFAADA6259E55C400C3924D /* cocktail-appUITests.xctest */,
			);
			name = Products;
			sourceTree = "<group>";
		};
		4AFAAD87259E55BF00C3924D /* cocktail-app */ = {
			isa = PBXGroup;
			children = (
				4AFAAD88259E55BF00C3924D /* AppDelegate.swift */,
				4AFAAD8A259E55BF00C3924D /* SceneDelegate.swift */,
				4AFAADC025A15FFF00C3924D /* Model */,
				4AFAADC125A1600D00C3924D /* View */,
				4AFAADC225A1613000C3924D /* ViewModel */,
				4AFAADC625A161B600C3924D /* Service */,
				4AFAAD8E259E55BF00C3924D /* Main.storyboard */,
				4AFAAD8C259E55BF00C3924D /* ViewController.swift */,
				4AFAAD91259E55C400C3924D /* Assets.xcassets */,
				4AFAAD93259E55C400C3924D /* LaunchScreen.storyboard */,
				4AFAAD96259E55C400C3924D /* Info.plist */,
				4A8C90A525A40F5300560D9A /* extensions.swift */,
			);
			path = "cocktail-app";
			sourceTree = "<group>";
		};
		4AFAAD9E259E55C400C3924D /* cocktail-appTests */ = {
			isa = PBXGroup;
			children = (
				4AFAAD9F259E55C400C3924D /* cocktail_appTests.swift */,
				4AFAADA1259E55C400C3924D /* Info.plist */,
			);
			path = "cocktail-appTests";
			sourceTree = "<group>";
		};
		4AFAADA9259E55C400C3924D /* cocktail-appUITests */ = {
			isa = PBXGroup;
			children = (
				4AFAADAA259E55C400C3924D /* cocktail_appUITests.swift */,
				4AFAADAC259E55C400C3924D /* Info.plist */,
			);
			path = "cocktail-appUITests";
			sourceTree = "<group>";
		};
		4AFAADC025A15FFF00C3924D /* Model */ = {
			isa = PBXGroup;
			children = (
				4AFAADCC25A1643800C3924D /* Drink.swift */,
				4A8C909325A1819C00560D9A /* Drinks.swift */,
			);
			path = Model;
			sourceTree = "<group>";
		};
		4AFAADC125A1600D00C3924D /* View */ = {
			isa = PBXGroup;
			children = (
				4AFAADD125A1686B00C3924D /* ListViewController.swift */,
				4A8C90A025A2E37F00560D9A /* DrinksTableViewCell.swift */,
			);
			path = View;
			sourceTree = "<group>";
		};
		4AFAADC225A1613000C3924D /* ViewModel */ = {
			isa = PBXGroup;
			children = (
				4AFAADD925A16F4700C3924D /* DrinksViewModel.swift */,
				4A8C909825A2E30600560D9A /* DrinksTableViewDataSource.swift */,
			);
			path = ViewModel;
			sourceTree = "<group>";
		};
		4AFAADC625A161B600C3924D /* Service */ = {
			isa = PBXGroup;
			children = (
				4AFAADDE25A16F8100C3924D /* CocktailService.swift */,
			);
			path = Service;
			sourceTree = "<group>";
		};
/* End PBXGroup section */

/* Begin PBXNativeTarget section */
		4AFAAD84259E55BF00C3924D /* cocktail-app */ = {
			isa = PBXNativeTarget;
			buildConfigurationList = 4AFAADAF259E55C400C3924D /* Build configuration list for PBXNativeTarget "cocktail-app" */;
			buildPhases = (
				4AFAAD81259E55BF00C3924D /* Sources */,
				4AFAAD82259E55BF00C3924D /* Frameworks */,
				4AFAAD83259E55BF00C3924D /* Resources */,
			);
			buildRules = (
			);
			dependencies = (
			);
			name = "cocktail-app";
			packageProductDependencies = (
				4A8C908E25A176F100560D9A /* Alamofire */,
			);
			productName = "cocktail-app";
			productReference = 4AFAAD85259E55BF00C3924D /* cocktail-app.app */;
			productType = "com.apple.product-type.application";
		};
		4AFAAD9A259E55C400C3924D /* cocktail-appTests */ = {
			isa = PBXNativeTarget;
			buildConfigurationList = 4AFAADB2259E55C400C3924D /* Build configuration list for PBXNativeTarget "cocktail-appTests" */;
			buildPhases = (
				4AFAAD97259E55C400C3924D /* Sources */,
				4AFAAD98259E55C400C3924D /* Frameworks */,
				4AFAAD99259E55C400C3924D /* Resources */,
			);
			buildRules = (
			);
			dependencies = (
				4AFAAD9D259E55C400C3924D /* PBXTargetDependency */,
			);
			name = "cocktail-appTests";
			productName = "cocktail-appTests";
			productReference = 4AFAAD9B259E55C400C3924D /* cocktail-appTests.xctest */;
			productType = "com.apple.product-type.bundle.unit-test";
		};
		4AFAADA5259E55C400C3924D /* cocktail-appUITests */ = {
			isa = PBXNativeTarget;
			buildConfigurationList = 4AFAADB5259E55C400C3924D /* Build configuration list for PBXNativeTarget "cocktail-appUITests" */;
			buildPhases = (
				4AFAADA2259E55C400C3924D /* Sources */,
				4AFAADA3259E55C400C3924D /* Frameworks */,
				4AFAADA4259E55C400C3924D /* Resources */,
			);
			buildRules = (
			);
			dependencies = (
				4AFAADA8259E55C400C3924D /* PBXTargetDependency */,
			);
			name = "cocktail-appUITests";
			productName = "cocktail-appUITests";
			productReference = 4AFAADA6259E55C400C3924D /* cocktail-appUITests.xctest */;
			productType = "com.apple.product-type.bundle.ui-testing";
		};
/* End PBXNativeTarget section */

/* Begin PBXProject section */
		4AFAAD7D259E55BF00C3924D /* Project object */ = {
			isa = PBXProject;
			attributes = {
				LastSwiftUpdateCheck = 1230;
				LastUpgradeCheck = 1230;
				TargetAttributes = {
					4AFAAD84259E55BF00C3924D = {
						CreatedOnToolsVersion = 12.3;
					};
					4AFAAD9A259E55C400C3924D = {
						CreatedOnToolsVersion = 12.3;
						TestTargetID = 4AFAAD84259E55BF00C3924D;
					};
					4AFAADA5259E55C400C3924D = {
						CreatedOnToolsVersion = 12.3;
						TestTargetID = 4AFAAD84259E55BF00C3924D;
					};
				};
			};
			buildConfigurationList = 4AFAAD80259E55BF00C3924D /* Build configuration list for PBXProject "cocktail-app" */;
			compatibilityVersion = "Xcode 9.3";
			developmentRegion = en;
			hasScannedForEncodings = 0;
			knownRegions = (
				en,
				Base,
			);
			mainGroup = 4AFAAD7C259E55BF00C3924D;
			packageReferences = (
				4A8C908D25A176F100560D9A /* XCRemoteSwiftPackageReference "Alamofire" */,
			);
			productRefGroup = 4AFAAD86259E55BF00C3924D /* Products */;
			projectDirPath = "";
			projectRoot = "";
			targets = (
				4AFAAD84259E55BF00C3924D /* cocktail-app */,
				4AFAAD9A259E55C400C3924D /* cocktail-appTests */,
				4AFAADA5259E55C400C3924D /* cocktail-appUITests */,
			);
		};
/* End PBXProject section */

/* Begin PBXResourcesBuildPhase section */
		4AFAAD83259E55BF00C3924D /* Resources */ = {
			isa = PBXResourcesBuildPhase;
			buildActionMask = 2147483647;
			files = (
				4AFAAD95259E55C400C3924D /* LaunchScreen.storyboard in Resources */,
				4AFAAD92259E55C400C3924D /* Assets.xcassets in Resources */,
				4AFAAD90259E55BF00C3924D /* Main.storyboard in Resources */,
			);
			runOnlyForDeploymentPostprocessing = 0;
		};
		4AFAAD99259E55C400C3924D /* Resources */ = {
			isa = PBXResourcesBuildPhase;
			buildActionMask = 2147483647;
			files = (
			);
			runOnlyForDeploymentPostprocessing = 0;
		};
		4AFAADA4259E55C400C3924D /* Resources */ = {
			isa = PBXResourcesBuildPhase;
			buildActionMask = 2147483647;
			files = (
			);
			runOnlyForDeploymentPostprocessing = 0;
		};
/* End PBXResourcesBuildPhase section */

/* Begin PBXSourcesBuildPhase section */
		4AFAAD81259E55BF00C3924D /* Sources */ = {
			isa = PBXSourcesBuildPhase;
			buildActionMask = 2147483647;
			files = (
				4A8C909925A2E30600560D9A /* DrinksTableViewDataSource.swift in Sources */,
				4AFAAD8D259E55BF00C3924D /* ViewController.swift in Sources */,
				4AFAADDA25A16F4700C3924D /* DrinksViewModel.swift in Sources */,
				4A8C90A625A40F5400560D9A /* extensions.swift in Sources */,
				4A8C909425A1819C00560D9A /* Drinks.swift in Sources */,
				4AFAAD89259E55BF00C3924D /* AppDelegate.swift in Sources */,
				4AFAADCD25A1643800C3924D /* Drink.swift in Sources */,
				4A8C90A125A2E37F00560D9A /* DrinksTableViewCell.swift in Sources */,
				4AFAADDF25A16F8100C3924D /* CocktailService.swift in Sources */,
				4AFAADD225A1686B00C3924D /* ListViewController.swift in Sources */,
				4AFAAD8B259E55BF00C3924D /* SceneDelegate.swift in Sources */,
			);
			runOnlyForDeploymentPostprocessing = 0;
		};
		4AFAAD97259E55C400C3924D /* Sources */ = {
			isa = PBXSourcesBuildPhase;
			buildActionMask = 2147483647;
			files = (
				4AFAADA0259E55C400C3924D /* cocktail_appTests.swift in Sources */,
			);
			runOnlyForDeploymentPostprocessing = 0;
		};
		4AFAADA2259E55C400C3924D /* Sources */ = {
			isa = PBXSourcesBuildPhase;
			buildActionMask = 2147483647;
			files = (
				4AFAADAB259E55C400C3924D /* cocktail_appUITests.swift in Sources */,
			);
			runOnlyForDeploymentPostprocessing = 0;
		};
/* End PBXSourcesBuildPhase section */

/* Begin PBXTargetDependency section */
		4AFAAD9D259E55C400C3924D /* PBXTargetDependency */ = {
			isa = PBXTargetDependency;
			target = 4AFAAD84259E55BF00C3924D /* cocktail-app */;
			targetProxy = 4AFAAD9C259E55C400C3924D /* PBXContainerItemProxy */;
		};
		4AFAADA8259E55C400C3924D /* PBXTargetDependency */ = {
			isa = PBXTargetDependency;
			target = 4AFAAD84259E55BF00C3924D /* cocktail-app */;
			targetProxy = 4AFAADA7259E55C400C3924D /* PBXContainerItemProxy */;
		};
/* End PBXTargetDependency section */

/* Begin PBXVariantGroup section */
		4AFAAD8E259E55BF00C3924D /* Main.storyboard */ = {
			isa = PBXVariantGroup;
			children = (
				4AFAAD8F259E55BF00C3924D /* Base */,
			);
			name = Main.storyboard;
			sourceTree = "<group>";
		};
		4AFAAD93259E55C400C3924D /* LaunchScreen.storyboard */ = {
			isa = PBXVariantGroup;
			children = (
				4AFAAD94259E55C400C3924D /* Base */,
			);
			name = LaunchScreen.storyboard;
			sourceTree = "<group>";
		};
/* End PBXVariantGroup section */

/* Begin XCBuildConfiguration section */
		4AFAADAD259E55C400C3924D /* Debug */ = {
			isa = XCBuildConfiguration;
			buildSettings = {
				ALWAYS_SEARCH_USER_PATHS = NO;
				CLANG_ANALYZER_NONNULL = YES;
				CLANG_ANALYZER_NUMBER_OBJECT_CONVERSION = YES_AGGRESSIVE;
				CLANG_CXX_LANGUAGE_STANDARD = "gnu++14";
				CLANG_CXX_LIBRARY = "libc++";
				CLANG_ENABLE_MODULES = YES;
				CLANG_ENABLE_OBJC_ARC = YES;
				CLANG_ENABLE_OBJC_WEAK = YES;
				CLANG_WARN_BLOCK_CAPTURE_AUTORELEASING = YES;
				CLANG_WARN_BOOL_CONVERSION = YES;
				CLANG_WARN_COMMA = YES;
				CLANG_WARN_CONSTANT_CONVERSION = YES;
				CLANG_WARN_DEPRECATED_OBJC_IMPLEMENTATIONS = YES;
				CLANG_WARN_DIRECT_OBJC_ISA_USAGE = YES_ERROR;
				CLANG_WARN_DOCUMENTATION_COMMENTS = YES;
				CLANG_WARN_EMPTY_BODY = YES;
				CLANG_WARN_ENUM_CONVERSION = YES;
				CLANG_WARN_INFINITE_RECURSION = YES;
				CLANG_WARN_INT_CONVERSION = YES;
				CLANG_WARN_NON_LITERAL_NULL_CONVERSION = YES;
				CLANG_WARN_OBJC_IMPLICIT_RETAIN_SELF = YES;
				CLANG_WARN_OBJC_LITERAL_CONVERSION = YES;
				CLANG_WARN_OBJC_ROOT_CLASS = YES_ERROR;
				CLANG_WARN_QUOTED_INCLUDE_IN_FRAMEWORK_HEADER = YES;
				CLANG_WARN_RANGE_LOOP_ANALYSIS = YES;
				CLANG_WARN_STRICT_PROTOTYPES = YES;
				CLANG_WARN_SUSPICIOUS_MOVE = YES;
				CLANG_WARN_UNGUARDED_AVAILABILITY = YES_AGGRESSIVE;
				CLANG_WARN_UNREACHABLE_CODE = YES;
				CLANG_WARN__DUPLICATE_METHOD_MATCH = YES;
				COPY_PHASE_STRIP = NO;
				DEBUG_INFORMATION_FORMAT = dwarf;
				ENABLE_STRICT_OBJC_MSGSEND = YES;
				ENABLE_TESTABILITY = YES;
				GCC_C_LANGUAGE_STANDARD = gnu11;
				GCC_DYNAMIC_NO_PIC = NO;
				GCC_NO_COMMON_BLOCKS = YES;
				GCC_OPTIMIZATION_LEVEL = 0;
				GCC_PREPROCESSOR_DEFINITIONS = (
					"DEBUG=1",
					"$(inherited)",
				);
				GCC_WARN_64_TO_32_BIT_CONVERSION = YES;
				GCC_WARN_ABOUT_RETURN_TYPE = YES_ERROR;
				GCC_WARN_UNDECLARED_SELECTOR = YES;
				GCC_WARN_UNINITIALIZED_AUTOS = YES_AGGRESSIVE;
				GCC_WARN_UNUSED_FUNCTION = YES;
				GCC_WARN_UNUSED_VARIABLE = YES;
				IPHONEOS_DEPLOYMENT_TARGET = 14.3;
				MTL_ENABLE_DEBUG_INFO = INCLUDE_SOURCE;
				MTL_FAST_MATH = YES;
				ONLY_ACTIVE_ARCH = YES;
				SDKROOT = iphoneos;
				SWIFT_ACTIVE_COMPILATION_CONDITIONS = DEBUG;
				SWIFT_OPTIMIZATION_LEVEL = "-Onone";
			};
			name = Debug;
		};
		4AFAADAE259E55C400C3924D /* Release */ = {
			isa = XCBuildConfiguration;
			buildSettings = {
				ALWAYS_SEARCH_USER_PATHS = NO;
				CLANG_ANALYZER_NONNULL = YES;
				CLANG_ANALYZER_NUMBER_OBJECT_CONVERSION = YES_AGGRESSIVE;
				CLANG_CXX_LANGUAGE_STANDARD = "gnu++14";
				CLANG_CXX_LIBRARY = "libc++";
				CLANG_ENABLE_MODULES = YES;
				CLANG_ENABLE_OBJC_ARC = YES;
				CLANG_ENABLE_OBJC_WEAK = YES;
				CLANG_WARN_BLOCK_CAPTURE_AUTORELEASING = YES;
				CLANG_WARN_BOOL_CONVERSION = YES;
				CLANG_WARN_COMMA = YES;
				CLANG_WARN_CONSTANT_CONVERSION = YES;
				CLANG_WARN_DEPRECATED_OBJC_IMPLEMENTATIONS = YES;
				CLANG_WARN_DIRECT_OBJC_ISA_USAGE = YES_ERROR;
				CLANG_WARN_DOCUMENTATION_COMMENTS = YES;
				CLANG_WARN_EMPTY_BODY = YES;
				CLANG_WARN_ENUM_CONVERSION = YES;
				CLANG_WARN_INFINITE_RECURSION = YES;
				CLANG_WARN_INT_CONVERSION = YES;
				CLANG_WARN_NON_LITERAL_NULL_CONVERSION = YES;
				CLANG_WARN_OBJC_IMPLICIT_RETAIN_SELF = YES;
				CLANG_WARN_OBJC_LITERAL_CONVERSION = YES;
				CLANG_WARN_OBJC_ROOT_CLASS = YES_ERROR;
				CLANG_WARN_QUOTED_INCLUDE_IN_FRAMEWORK_HEADER = YES;
				CLANG_WARN_RANGE_LOOP_ANALYSIS = YES;
				CLANG_WARN_STRICT_PROTOTYPES = YES;
				CLANG_WARN_SUSPICIOUS_MOVE = YES;
				CLANG_WARN_UNGUARDED_AVAILABILITY = YES_AGGRESSIVE;
				CLANG_WARN_UNREACHABLE_CODE = YES;
				CLANG_WARN__DUPLICATE_METHOD_MATCH = YES;
				COPY_PHASE_STRIP = NO;
				DEBUG_INFORMATION_FORMAT = "dwarf-with-dsym";
				ENABLE_NS_ASSERTIONS = NO;
				ENABLE_STRICT_OBJC_MSGSEND = YES;
				GCC_C_LANGUAGE_STANDARD = gnu11;
				GCC_NO_COMMON_BLOCKS = YES;
				GCC_WARN_64_TO_32_BIT_CONVERSION = YES;
				GCC_WARN_ABOUT_RETURN_TYPE = YES_ERROR;
				GCC_WARN_UNDECLARED_SELECTOR = YES;
				GCC_WARN_UNINITIALIZED_AUTOS = YES_AGGRESSIVE;
				GCC_WARN_UNUSED_FUNCTION = YES;
				GCC_WARN_UNUSED_VARIABLE = YES;
				IPHONEOS_DEPLOYMENT_TARGET = 14.3;
				MTL_ENABLE_DEBUG_INFO = NO;
				MTL_FAST_MATH = YES;
				SDKROOT = iphoneos;
				SWIFT_COMPILATION_MODE = wholemodule;
				SWIFT_OPTIMIZATION_LEVEL = "-O";
				VALIDATE_PRODUCT = YES;
			};
			name = Release;
		};
		4AFAADB0259E55C400C3924D /* Debug */ = {
			isa = XCBuildConfiguration;
			buildSettings = {
				ASSETCATALOG_COMPILER_APPICON_NAME = AppIcon;
				ASSETCATALOG_COMPILER_GLOBAL_ACCENT_COLOR_NAME = AccentColor;
				CODE_SIGN_STYLE = Automatic;
				DEVELOPMENT_TEAM = JRTRDUACDQ;
				INFOPLIST_FILE = "cocktail-app/Info.plist";
				LD_RUNPATH_SEARCH_PATHS = (
					"$(inherited)",
					"@executable_path/Frameworks",
				);
				PRODUCT_BUNDLE_IDENTIFIER = "com.philippele.cocktail-app";
				PRODUCT_NAME = "$(TARGET_NAME)";
				SWIFT_VERSION = 5.0;
				TARGETED_DEVICE_FAMILY = "1,2";
			};
			name = Debug;
		};
		4AFAADB1259E55C400C3924D /* Release */ = {
			isa = XCBuildConfiguration;
			buildSettings = {
				ASSETCATALOG_COMPILER_APPICON_NAME = AppIcon;
				ASSETCATALOG_COMPILER_GLOBAL_ACCENT_COLOR_NAME = AccentColor;
				CODE_SIGN_STYLE = Automatic;
				DEVELOPMENT_TEAM = JRTRDUACDQ;
				INFOPLIST_FILE = "cocktail-app/Info.plist";
				LD_RUNPATH_SEARCH_PATHS = (
					"$(inherited)",
					"@executable_path/Frameworks",
				);
				PRODUCT_BUNDLE_IDENTIFIER = "com.philippele.cocktail-app";
				PRODUCT_NAME = "$(TARGET_NAME)";
				SWIFT_VERSION = 5.0;
				TARGETED_DEVICE_FAMILY = "1,2";
			};
			name = Release;
		};
		4AFAADB3259E55C400C3924D /* Debug */ = {
			isa = XCBuildConfiguration;
			buildSettings = {
				ALWAYS_EMBED_SWIFT_STANDARD_LIBRARIES = YES;
				BUNDLE_LOADER = "$(TEST_HOST)";
				CODE_SIGN_STYLE = Automatic;
				DEVELOPMENT_TEAM = JRTRDUACDQ;
				INFOPLIST_FILE = "cocktail-appTests/Info.plist";
				IPHONEOS_DEPLOYMENT_TARGET = 14.3;
				LD_RUNPATH_SEARCH_PATHS = (
					"$(inherited)",
					"@executable_path/Frameworks",
					"@loader_path/Frameworks",
				);
				PRODUCT_BUNDLE_IDENTIFIER = "com.philippele.cocktail-appTests";
				PRODUCT_NAME = "$(TARGET_NAME)";
				SWIFT_VERSION = 5.0;
				TARGETED_DEVICE_FAMILY = "1,2";
				TEST_HOST = "$(BUILT_PRODUCTS_DIR)/cocktail-app.app/cocktail-app";
			};
			name = Debug;
		};
		4AFAADB4259E55C400C3924D /* Release */ = {
			isa = XCBuildConfiguration;
			buildSettings = {
				ALWAYS_EMBED_SWIFT_STANDARD_LIBRARIES = YES;
				BUNDLE_LOADER = "$(TEST_HOST)";
				CODE_SIGN_STYLE = Automatic;
				DEVELOPMENT_TEAM = JRTRDUACDQ;
				INFOPLIST_FILE = "cocktail-appTests/Info.plist";
				IPHONEOS_DEPLOYMENT_TARGET = 14.3;
				LD_RUNPATH_SEARCH_PATHS = (
					"$(inherited)",
					"@executable_path/Frameworks",
					"@loader_path/Frameworks",
				);
				PRODUCT_BUNDLE_IDENTIFIER = "com.philippele.cocktail-appTests";
				PRODUCT_NAME = "$(TARGET_NAME)";
				SWIFT_VERSION = 5.0;
				TARGETED_DEVICE_FAMILY = "1,2";
				TEST_HOST = "$(BUILT_PRODUCTS_DIR)/cocktail-app.app/cocktail-app";
			};
			name = Release;
		};
		4AFAADB6259E55C400C3924D /* Debug */ = {
			isa = XCBuildConfiguration;
			buildSettings = {
				ALWAYS_EMBED_SWIFT_STANDARD_LIBRARIES = YES;
				CODE_SIGN_STYLE = Automatic;
				DEVELOPMENT_TEAM = JRTRDUACDQ;
				INFOPLIST_FILE = "cocktail-appUITests/Info.plist";
				LD_RUNPATH_SEARCH_PATHS = (
					"$(inherited)",
					"@executable_path/Frameworks",
					"@loader_path/Frameworks",
				);
				PRODUCT_BUNDLE_IDENTIFIER = "com.philippele.cocktail-appUITests";
				PRODUCT_NAME = "$(TARGET_NAME)";
				SWIFT_VERSION = 5.0;
				TARGETED_DEVICE_FAMILY = "1,2";
				TEST_TARGET_NAME = "cocktail-app";
			};
			name = Debug;
		};
		4AFAADB7259E55C400C3924D /* Release */ = {
			isa = XCBuildConfiguration;
			buildSettings = {
				ALWAYS_EMBED_SWIFT_STANDARD_LIBRARIES = YES;
				CODE_SIGN_STYLE = Automatic;
				DEVELOPMENT_TEAM = JRTRDUACDQ;
				INFOPLIST_FILE = "cocktail-appUITests/Info.plist";
				LD_RUNPATH_SEARCH_PATHS = (
					"$(inherited)",
					"@executable_path/Frameworks",
					"@loader_path/Frameworks",
				);
				PRODUCT_BUNDLE_IDENTIFIER = "com.philippele.cocktail-appUITests";
				PRODUCT_NAME = "$(TARGET_NAME)";
				SWIFT_VERSION = 5.0;
				TARGETED_DEVICE_FAMILY = "1,2";
				TEST_TARGET_NAME = "cocktail-app";
			};
			name = Release;
		};
/* End XCBuildConfiguration section */

/* Begin XCConfigurationList section */
		4AFAAD80259E55BF00C3924D /* Build configuration list for PBXProject "cocktail-app" */ = {
			isa = XCConfigurationList;
			buildConfigurations = (
				4AFAADAD259E55C400C3924D /* Debug */,
				4AFAADAE259E55C400C3924D /* Release */,
			);
			defaultConfigurationIsVisible = 0;
			defaultConfigurationName = Release;
		};
		4AFAADAF259E55C400C3924D /* Build configuration list for PBXNativeTarget "cocktail-app" */ = {
			isa = XCConfigurationList;
			buildConfigurations = (
				4AFAADB0259E55C400C3924D /* Debug */,
				4AFAADB1259E55C400C3924D /* Release */,
			);
			defaultConfigurationIsVisible = 0;
			defaultConfigurationName = Release;
		};
		4AFAADB2259E55C400C3924D /* Build configuration list for PBXNativeTarget "cocktail-appTests" */ = {
			isa = XCConfigurationList;
			buildConfigurations = (
				4AFAADB3259E55C400C3924D /* Debug */,
				4AFAADB4259E55C400C3924D /* Release */,
			);
			defaultConfigurationIsVisible = 0;
			defaultConfigurationName = Release;
		};
		4AFAADB5259E55C400C3924D /* Build configuration list for PBXNativeTarget "cocktail-appUITests" */ = {
			isa = XCConfigurationList;
			buildConfigurations = (
				4AFAADB6259E55C400C3924D /* Debug */,
				4AFAADB7259E55C400C3924D /* Release */,
			);
			defaultConfigurationIsVisible = 0;
			defaultConfigurationName = Release;
		};
/* End XCConfigurationList section */

/* Begin XCRemoteSwiftPackageReference section */
		4A8C908D25A176F100560D9A /* XCRemoteSwiftPackageReference "Alamofire" */ = {
			isa = XCRemoteSwiftPackageReference;
			repositoryURL = "https://github.com/Alamofire/Alamofire";
			requirement = {
				kind = upToNextMajorVersion;
				minimumVersion = 5.4.1;
			};
		};
/* End XCRemoteSwiftPackageReference section */

/* Begin XCSwiftPackageProductDependency section */
		4A8C908E25A176F100560D9A /* Alamofire */ = {
			isa = XCSwiftPackageProductDependency;
			package = 4A8C908D25A176F100560D9A /* XCRemoteSwiftPackageReference "Alamofire" */;
			productName = Alamofire;
		};
/* End XCSwiftPackageProductDependency section */
	};
	rootObject = 4AFAAD7D259E55BF00C3924D /* Project object */;
}
